
Microsoft Visual Studio Solution File, Format Version 12.00
# Visual Studio Version 17
VisualStudioVersion = 17.13.35818.85 d17.13
MinimumVisualStudioVersion = 10.0.40219.1
Project("{FAE04EC0-301F-11D3-BF4B-00C04F79EFBC}") = "DataTypesAndIfElseStructures", "DataTypesAndIfElseStructures\DataTypesAndIfElseStructures.csproj", "{39DCE1A3-03E1-4FA3-94CC-0875F2F0A10D}"
EndProject
Global
	GlobalSection(SolutionConfigurationPlatforms) = preSolution
		Debug|Any CPU = Debug|Any CPU
		Release|Any CPU = Release|Any CPU
	EndGlobalSection
	GlobalSection(ProjectConfigurationPlatforms) = postSolution
		{39DCE1A3-03E1-4FA3-94CC-0875F2F0A10D}.Debug|Any CPU.ActiveCfg = Debug|Any CPU
		{39DCE1A3-03E1-4FA3-94CC-0875F2F0A10D}.Debug|Any CPU.Build.0 = Debug|Any CPU
		{39DCE1A3-03E1-4FA3-94CC-0875F2F0A10D}.Release|Any CPU.ActiveCfg = Release|Any CPU
		{39DCE1A3-03E1-4FA3-94CC-0875F2F0A10D}.Release|Any CPU.Build.0 = Release|Any CPU
	EndGlobalSection
	GlobalSection(SolutionProperties) = preSolution
		HideSolutionNode = FALSE
	EndGlobalSection
	GlobalSection(ExtensibilityGlobals) = postSolution
		SolutionGuid = {F210DE3F-7193-4DD6-A398-B6E31DAC0BC7}
	EndGlobalSection
EndGlobal
